
Microsoft Visual Studio Solution File, Format Version 12.00
Project("{FAE04EC0-301F-11D3-BF4B-00C04F79EFBC}") = "LeetCode", "LeetCode\LeetCode.csproj", "{CD553CFC-D167-4996-9D1B-EBC9D66B90FD}"
EndProject
Project("{FAE04EC0-301F-11D3-BF4B-00C04F79EFBC}") = "Leetcode.Tests", "Leetcode.Tests\Leetcode.Tests.csproj", "{D9E11C94-C59D-4518-8C36-88531D13953C}"
EndProject
Global
	GlobalSection(SolutionConfigurationPlatforms) = preSolution
		Debug|Any CPU = Debug|Any CPU
		Release|Any CPU = Release|Any CPU
	EndGlobalSection
	GlobalSection(ProjectConfigurationPlatforms) = postSolution
		{CD553CFC-D167-4996-9D1B-EBC9D66B90FD}.Debug|Any CPU.ActiveCfg = Debug|Any CPU
		{CD553CFC-D167-4996-9D1B-EBC9D66B90FD}.Debug|Any CPU.Build.0 = Debug|Any CPU
		{CD553CFC-D167-4996-9D1B-EBC9D66B90FD}.Release|Any CPU.ActiveCfg = Release|Any CPU
		{CD553CFC-D167-4996-9D1B-EBC9D66B90FD}.Release|Any CPU.Build.0 = Release|Any CPU
		{D9E11C94-C59D-4518-8C36-88531D13953C}.Debug|Any CPU.ActiveCfg = Debug|Any CPU
		{D9E11C94-C59D-4518-8C36-88531D13953C}.Debug|Any CPU.Build.0 = Debug|Any CPU
		{D9E11C94-C59D-4518-8C36-88531D13953C}.Release|Any CPU.ActiveCfg = Release|Any CPU
		{D9E11C94-C59D-4518-8C36-88531D13953C}.Release|Any CPU.Build.0 = Release|Any CPU
	EndGlobalSection
EndGlobal
